// !$*UTF8*$!
{
	archiveVersion = 1;
	classes = {
	};
	objectVersion = 50;
	objects = {

/* Begin PBXBuildFile section */
		7F4370A02412EBE80096D66A /* AppDelegate.m in Sources */ = {isa = PBXBuildFile; fileRef = 7F43709F2412EBE80096D66A /* AppDelegate.m */; };
		7F4370A62412EBE80096D66A /* ViewController.m in Sources */ = {isa = PBXBuildFile; fileRef = 7F4370A52412EBE80096D66A /* ViewController.m */; };
		7F4370A92412EBE80096D66A /* Main.storyboard in Resources */ = {isa = PBXBuildFile; fileRef = 7F4370A72412EBE80096D66A /* Main.storyboard */; };
		7F4370AE2412EBE90096D66A /* LaunchScreen.storyboard in Resources */ = {isa = PBXBuildFile; fileRef = 7F4370AC2412EBE90096D66A /* LaunchScreen.storyboard */; };
		7F4370B12412EBE90096D66A /* main.m in Sources */ = {isa = PBXBuildFile; fileRef = 7F4370B02412EBE90096D66A /* main.m */; };
		7F4370C02412F19C0096D66A /* AVFoundation.framework in Frameworks */ = {isa = PBXBuildFile; fileRef = 7F4370BF2412F19C0096D66A /* AVFoundation.framework */; };
		7F4370C42412F3350096D66A /* goat.wav in Resources */ = {isa = PBXBuildFile; fileRef = 7F4370C12412F3350096D66A /* goat.wav */; };
		7F4370C52412F3350096D66A /* pig.wav in Resources */ = {isa = PBXBuildFile; fileRef = 7F4370C22412F3350096D66A /* pig.wav */; };
		7F4370C62412F3350096D66A /* rooster.wav in Resources */ = {isa = PBXBuildFile; fileRef = 7F4370C32412F3350096D66A /* rooster.wav */; };
		F6C8205B241FF04F00194E43 /* CoolViewCell.m in Sources */ = {isa = PBXBuildFile; fileRef = F6C8205A241FF04F00194E43 /* CoolViewCell.m */; };
		F9A6AB422416B75500DB1ECC /* Assets.xcassets in Resources */ = {isa = PBXBuildFile; fileRef = F9A6AB412416B75500DB1ECC /* Assets.xcassets */; };
/* End PBXBuildFile section */

/* Begin PBXFileReference section */
		7F43709B2412EBE80096D66A /* Barnyard.app */ = {isa = PBXFileReference; explicitFileType = wrapper.application; includeInIndex = 0; path = Barnyard.app; sourceTree = BUILT_PRODUCTS_DIR; };
		7F43709E2412EBE80096D66A /* AppDelegate.h */ = {isa = PBXFileReference; lastKnownFileType = sourcecode.c.h; path = AppDelegate.h; sourceTree = "<group>"; };
		7F43709F2412EBE80096D66A /* AppDelegate.m */ = {isa = PBXFileReference; lastKnownFileType = sourcecode.c.objc; path = AppDelegate.m; sourceTree = "<group>"; };
		7F4370A42412EBE80096D66A /* ViewController.h */ = {isa = PBXFileReference; lastKnownFileType = sourcecode.c.h; path = ViewController.h; sourceTree = "<group>"; };
		7F4370A52412EBE80096D66A /* ViewController.m */ = {isa = PBXFileReference; lastKnownFileType = sourcecode.c.objc; path = ViewController.m; sourceTree = "<group>"; };
		7F4370A82412EBE80096D66A /* Base */ = {isa = PBXFileReference; lastKnownFileType = file.storyboard; name = Base; path = Base.lproj/Main.storyboard; sourceTree = "<group>"; };
		7F4370AD2412EBE90096D66A /* Base */ = {isa = PBXFileReference; lastKnownFileType = file.storyboard; name = Base; path = Base.lproj/LaunchScreen.storyboard; sourceTree = "<group>"; };
		7F4370AF2412EBE90096D66A /* Info.plist */ = {isa = PBXFileReference; lastKnownFileType = text.plist.xml; path = Info.plist; sourceTree = "<group>"; };
		7F4370B02412EBE90096D66A /* main.m */ = {isa = PBXFileReference; lastKnownFileType = sourcecode.c.objc; path = main.m; sourceTree = "<group>"; };
		7F4370BF2412F19C0096D66A /* AVFoundation.framework */ = {isa = PBXFileReference; lastKnownFileType = wrapper.framework; name = AVFoundation.framework; path = System/Library/Frameworks/AVFoundation.framework; sourceTree = SDKROOT; };
		7F4370C12412F3350096D66A /* goat.wav */ = {isa = PBXFileReference; lastKnownFileType = audio.wav; path = goat.wav; sourceTree = "<group>"; };
		7F4370C22412F3350096D66A /* pig.wav */ = {isa = PBXFileReference; lastKnownFileType = audio.wav; path = pig.wav; sourceTree = "<group>"; };
		7F4370C32412F3350096D66A /* rooster.wav */ = {isa = PBXFileReference; lastKnownFileType = audio.wav; path = rooster.wav; sourceTree = "<group>"; };
		F6C82059241FF04F00194E43 /* CoolViewCell.h */ = {isa = PBXFileReference; lastKnownFileType = sourcecode.c.h; path = CoolViewCell.h; sourceTree = "<group>"; };
		F6C8205A241FF04F00194E43 /* CoolViewCell.m */ = {isa = PBXFileReference; lastKnownFileType = sourcecode.c.objc; path = CoolViewCell.m; sourceTree = "<group>"; };
		F9A6AB412416B75500DB1ECC /* Assets.xcassets */ = {isa = PBXFileReference; lastKnownFileType = folder.assetcatalog; path = Assets.xcassets; sourceTree = "<group>"; };
/* End PBXFileReference section */

/* Begin PBXFrameworksBuildPhase section */
		7F4370982412EBE80096D66A /* Frameworks */ = {
			isa = PBXFrameworksBuildPhase;
			buildActionMask = 2147483647;
			files = (
				7F4370C02412F19C0096D66A /* AVFoundation.framework in Frameworks */,
			);
			runOnlyForDeploymentPostprocessing = 0;
		};
/* End PBXFrameworksBuildPhase section */

/* Begin PBXGroup section */
		7F4370922412EBE80096D66A = {
			isa = PBXGroup;
			children = (
				7F43709D2412EBE80096D66A /* Barnyard */,
				7F43709C2412EBE80096D66A /* Products */,
				7F4370BE2412F19B0096D66A /* Frameworks */,
			);
			sourceTree = "<group>";
		};
		7F43709C2412EBE80096D66A /* Products */ = {
			isa = PBXGroup;
			children = (
				7F43709B2412EBE80096D66A /* Barnyard.app */,
			);
			name = Products;
			sourceTree = "<group>";
		};
		7F43709D2412EBE80096D66A /* Barnyard */ = {
			isa = PBXGroup;
			children = (
				7F43709E2412EBE80096D66A /* AppDelegate.h */,
				7F43709F2412EBE80096D66A /* AppDelegate.m */,
				F6C82059241FF04F00194E43 /* CoolViewCell.h */,
				F6C8205A241FF04F00194E43 /* CoolViewCell.m */,
				7F4370A42412EBE80096D66A /* ViewController.h */,
				7F4370A52412EBE80096D66A /* ViewController.m */,
				7F4370A72412EBE80096D66A /* Main.storyboard */,
				F9A6AB412416B75500DB1ECC /* Assets.xcassets */,
				7F4370B72412EEE30096D66A /* Sounds */,
				7F4370AC2412EBE90096D66A /* LaunchScreen.storyboard */,
				7F4370AF2412EBE90096D66A /* Info.plist */,
				7F4370B02412EBE90096D66A /* main.m */,
			);
			path = Barnyard;
			sourceTree = "<group>";
		};
		7F4370B72412EEE30096D66A /* Sounds */ = {
			isa = PBXGroup;
			children = (
				7F4370C12412F3350096D66A /* goat.wav */,
				7F4370C22412F3350096D66A /* pig.wav */,
				7F4370C32412F3350096D66A /* rooster.wav */,
			);
			path = Sounds;
			sourceTree = "<group>";
		};
		7F4370BE2412F19B0096D66A /* Frameworks */ = {
			isa = PBXGroup;
			children = (
				7F4370BF2412F19C0096D66A /* AVFoundation.framework */,
			);
			name = Frameworks;
			sourceTree = "<group>";
		};
/* End PBXGroup section */

/* Begin PBXNativeTarget section */
		7F43709A2412EBE80096D66A /* Barnyard */ = {
			isa = PBXNativeTarget;
			buildConfigurationList = 7F4370B42412EBE90096D66A /* Build configuration list for PBXNativeTarget "Barnyard" */;
			buildPhases = (
				7F4370972412EBE80096D66A /* Sources */,
				7F4370982412EBE80096D66A /* Frameworks */,
				7F4370992412EBE80096D66A /* Resources */,
			);
			buildRules = (
			);
			dependencies = (
			);
			name = Barnyard;
			productName = Barnyard;
			productReference = 7F43709B2412EBE80096D66A /* Barnyard.app */;
			productType = "com.apple.product-type.application";
		};
/* End PBXNativeTarget section */

/* Begin PBXProject section */
		7F4370932412EBE80096D66A /* Project object */ = {
			isa = PBXProject;
			attributes = {
				LastUpgradeCheck = 1130;
				ORGANIZATIONNAME = AO;
				TargetAttributes = {
					7F43709A2412EBE80096D66A = {
						CreatedOnToolsVersion = 11.3.1;
					};
				};
			};
			buildConfigurationList = 7F4370962412EBE80096D66A /* Build configuration list for PBXProject "Barnyard" */;
			compatibilityVersion = "Xcode 9.3";
			developmentRegion = en;
			hasScannedForEncodings = 0;
			knownRegions = (
				en,
				Base,
			);
			mainGroup = 7F4370922412EBE80096D66A;
			productRefGroup = 7F43709C2412EBE80096D66A /* Products */;
			projectDirPath = "";
			projectRoot = "";
			targets = (
				7F43709A2412EBE80096D66A /* Barnyard */,
			);
		};
/* End PBXProject section */

/* Begin PBXResourcesBuildPhase section */
		7F4370992412EBE80096D66A /* Resources */ = {
			isa = PBXResourcesBuildPhase;
			buildActionMask = 2147483647;
			files = (
				7F4370AE2412EBE90096D66A /* LaunchScreen.storyboard in Resources */,
				7F4370C62412F3350096D66A /* rooster.wav in Resources */,
				7F4370A92412EBE80096D66A /* Main.storyboard in Resources */,
				F9A6AB422416B75500DB1ECC /* Assets.xcassets in Resources */,
				7F4370C52412F3350096D66A /* pig.wav in Resources */,
				7F4370C42412F3350096D66A /* goat.wav in Resources */,
			);
			runOnlyForDeploymentPostprocessing = 0;
		};
/* End PBXResourcesBuildPhase section */

/* Begin PBXSourcesBuildPhase section */
		7F4370972412EBE80096D66A /* Sources */ = {
			isa = PBXSourcesBuildPhase;
			buildActionMask = 2147483647;
			files = (
				7F4370A62412EBE80096D66A /* ViewController.m in Sources */,
				F6C8205B241FF04F00194E43 /* CoolViewCell.m in Sources */,
				7F4370A02412EBE80096D66A /* AppDelegate.m in Sources */,
				7F4370B12412EBE90096D66A /* main.m in Sources */,
			);
			runOnlyForDeploymentPostprocessing = 0;
		};
/* End PBXSourcesBuildPhase section */

/* Begin PBXVariantGroup section */
		7F4370A72412EBE80096D66A /* Main.storyboard */ = {
			isa = PBXVariantGroup;
			children = (
				7F4370A82412EBE80096D66A /* Base */,
			);
			name = Main.storyboard;
			sourceTree = "<group>";
		};
		7F4370AC2412EBE90096D66A /* LaunchScreen.storyboard */ = {
			isa = PBXVariantGroup;
			children = (
				7F4370AD2412EBE90096D66A /* Base */,
			);
			name = LaunchScreen.storyboard;
			sourceTree = "<group>";
		};
/* End PBXVariantGroup section */

/* Begin XCBuildConfiguration section */
		7F4370B22412EBE90096D66A /* Debug */ = {
			isa = XCBuildConfiguration;
			buildSettings = {
				ALWAYS_SEARCH_USER_PATHS = NO;
				CLANG_ANALYZER_NONNULL = YES;
				CLANG_ANALYZER_NUMBER_OBJECT_CONVERSION = YES_AGGRESSIVE;
				CLANG_CXX_LANGUAGE_STANDARD = "gnu++14";
				CLANG_CXX_LIBRARY = "libc++";
				CLANG_ENABLE_MODULES = YES;
				CLANG_ENABLE_OBJC_ARC = YES;
				CLANG_ENABLE_OBJC_WEAK = YES;
				CLANG_WARN_BLOCK_CAPTURE_AUTORELEASING = YES;
				CLANG_WARN_BOOL_CONVERSION = YES;
				CLANG_WARN_COMMA = YES;
				CLANG_WARN_CONSTANT_CONVERSION = YES;
				CLANG_WARN_DEPRECATED_OBJC_IMPLEMENTATIONS = YES;
				CLANG_WARN_DIRECT_OBJC_ISA_USAGE = YES_ERROR;
				CLANG_WARN_DOCUMENTATION_COMMENTS = YES;
				CLANG_WARN_EMPTY_BODY = YES;
				CLANG_WARN_ENUM_CONVERSION = YES;
				CLANG_WARN_INFINITE_RECURSION = YES;
				CLANG_WARN_INT_CONVERSION = YES;
				CLANG_WARN_NON_LITERAL_NULL_CONVERSION = YES;
				CLANG_WARN_OBJC_IMPLICIT_RETAIN_SELF = YES;
				CLANG_WARN_OBJC_LITERAL_CONVERSION = YES;
				CLANG_WARN_OBJC_ROOT_CLASS = YES_ERROR;
				CLANG_WARN_RANGE_LOOP_ANALYSIS = YES;
				CLANG_WARN_STRICT_PROTOTYPES = YES;
				CLANG_WARN_SUSPICIOUS_MOVE = YES;
				CLANG_WARN_UNGUARDED_AVAILABILITY = YES_AGGRESSIVE;
				CLANG_WARN_UNREACHABLE_CODE = YES;
				CLANG_WARN__DUPLICATE_METHOD_MATCH = YES;
				COPY_PHASE_STRIP = NO;
				DEBUG_INFORMATION_FORMAT = dwarf;
				ENABLE_STRICT_OBJC_MSGSEND = YES;
				ENABLE_TESTABILITY = YES;
				GCC_C_LANGUAGE_STANDARD = gnu11;
				GCC_DYNAMIC_NO_PIC = NO;
				GCC_NO_COMMON_BLOCKS = YES;
				GCC_OPTIMIZATION_LEVEL = 0;
				GCC_PREPROCESSOR_DEFINITIONS = (
					"DEBUG=1",
					"$(inherited)",
				);
				GCC_WARN_64_TO_32_BIT_CONVERSION = YES;
				GCC_WARN_ABOUT_RETURN_TYPE = YES_ERROR;
				GCC_WARN_UNDECLARED_SELECTOR = YES;
				GCC_WARN_UNINITIALIZED_AUTOS = YES_AGGRESSIVE;
				GCC_WARN_UNUSED_FUNCTION = YES;
				GCC_WARN_UNUSED_VARIABLE = YES;
				IPHONEOS_DEPLOYMENT_TARGET = 13.2;
				MTL_ENABLE_DEBUG_INFO = INCLUDE_SOURCE;
				MTL_FAST_MATH = YES;
				ONLY_ACTIVE_ARCH = YES;
				SDKROOT = iphoneos;
			};
			name = Debug;
		};
		7F4370B32412EBE90096D66A /* Release */ = {
			isa = XCBuildConfiguration;
			buildSettings = {
				ALWAYS_SEARCH_USER_PATHS = NO;
				CLANG_ANALYZER_NONNULL = YES;
				CLANG_ANALYZER_NUMBER_OBJECT_CONVERSION = YES_AGGRESSIVE;
				CLANG_CXX_LANGUAGE_STANDARD = "gnu++14";
				CLANG_CXX_LIBRARY = "libc++";
				CLANG_ENABLE_MODULES = YES;
				CLANG_ENABLE_OBJC_ARC = YES;
				CLANG_ENABLE_OBJC_WEAK = YES;
				CLANG_WARN_BLOCK_CAPTURE_AUTORELEASING = YES;
				CLANG_WARN_BOOL_CONVERSION = YES;
				CLANG_WARN_COMMA = YES;
				CLANG_WARN_CONSTANT_CONVERSION = YES;
				CLANG_WARN_DEPRECATED_OBJC_IMPLEMENTATIONS = YES;
				CLANG_WARN_DIRECT_OBJC_ISA_USAGE = YES_ERROR;
				CLANG_WARN_DOCUMENTATION_COMMENTS = YES;
				CLANG_WARN_EMPTY_BODY = YES;
				CLANG_WARN_ENUM_CONVERSION = YES;
				CLANG_WARN_INFINITE_RECURSION = YES;
				CLANG_WARN_INT_CONVERSION = YES;
				CLANG_WARN_NON_LITERAL_NULL_CONVERSION = YES;
				CLANG_WARN_OBJC_IMPLICIT_RETAIN_SELF = YES;
				CLANG_WARN_OBJC_LITERAL_CONVERSION = YES;
				CLANG_WARN_OBJC_ROOT_CLASS = YES_ERROR;
				CLANG_WARN_RANGE_LOOP_ANALYSIS = YES;
				CLANG_WARN_STRICT_PROTOTYPES = YES;
				CLANG_WARN_SUSPICIOUS_MOVE = YES;
				CLANG_WARN_UNGUARDED_AVAILABILITY = YES_AGGRESSIVE;
				CLANG_WARN_UNREACHABLE_CODE = YES;
				CLANG_WARN__DUPLICATE_METHOD_MATCH = YES;
				COPY_PHASE_STRIP = NO;
				DEBUG_INFORMATION_FORMAT = "dwarf-with-dsym";
				ENABLE_NS_ASSERTIONS = NO;
				ENABLE_STRICT_OBJC_MSGSEND = YES;
				GCC_C_LANGUAGE_STANDARD = gnu11;
				GCC_NO_COMMON_BLOCKS = YES;
				GCC_WARN_64_TO_32_BIT_CONVERSION = YES;
				GCC_WARN_ABOUT_RETURN_TYPE = YES_ERROR;
				GCC_WARN_UNDECLARED_SELECTOR = YES;
				GCC_WARN_UNINITIALIZED_AUTOS = YES_AGGRESSIVE;
				GCC_WARN_UNUSED_FUNCTION = YES;
				GCC_WARN_UNUSED_VARIABLE = YES;
				IPHONEOS_DEPLOYMENT_TARGET = 13.2;
				MTL_ENABLE_DEBUG_INFO = NO;
				MTL_FAST_MATH = YES;
				SDKROOT = iphoneos;
				VALIDATE_PRODUCT = YES;
			};
			name = Release;
		};
		7F4370B52412EBE90096D66A /* Debug */ = {
			isa = XCBuildConfiguration;
			buildSettings = {
				ASSETCATALOG_COMPILER_APPICON_NAME = AppIcon;
				CODE_SIGN_STYLE = Automatic;
				DEVELOPMENT_TEAM = 5R6CF59GRY;
				INFOPLIST_FILE = Barnyard/Info.plist;
				IPHONEOS_DEPLOYMENT_TARGET = 12.0;
				LD_RUNPATH_SEARCH_PATHS = (
					"$(inherited)",
					"@executable_path/Frameworks",
				);
				PRODUCT_BUNDLE_IDENTIFIER = com.AboutObjects.Barnyard;
				PRODUCT_NAME = "$(TARGET_NAME)";
				TARGETED_DEVICE_FAMILY = "1,2";
			};
			name = Debug;
		};
		7F4370B62412EBE90096D66A /* Release */ = {
			isa = XCBuildConfiguration;
			buildSettings = {
				ASSETCATALOG_COMPILER_APPICON_NAME = AppIcon;
				CODE_SIGN_STYLE = Automatic;
				DEVELOPMENT_TEAM = 5R6CF59GRY;
				INFOPLIST_FILE = Barnyard/Info.plist;
				IPHONEOS_DEPLOYMENT_TARGET = 12.0;
				LD_RUNPATH_SEARCH_PATHS = (
					"$(inherited)",
					"@executable_path/Frameworks",
				);
				PRODUCT_BUNDLE_IDENTIFIER = com.AboutObjects.Barnyard;
				PRODUCT_NAME = "$(TARGET_NAME)";
				TARGETED_DEVICE_FAMILY = "1,2";
			};
			name = Release;
		};
/* End XCBuildConfiguration section */

/* Begin XCConfigurationList section */
		7F4370962412EBE80096D66A /* Build configuration list for PBXProject "Barnyard" */ = {
			isa = XCConfigurationList;
			buildConfigurations = (
				7F4370B22412EBE90096D66A /* Debug */,
				7F4370B32412EBE90096D66A /* Release */,
			);
			defaultConfigurationIsVisible = 0;
			defaultConfigurationName = Release;
		};
		7F4370B42412EBE90096D66A /* Build configuration list for PBXNativeTarget "Barnyard" */ = {
			isa = XCConfigurationList;
			buildConfigurations = (
				7F4370B52412EBE90096D66A /* Debug */,
				7F4370B62412EBE90096D66A /* Release */,
			);
			defaultConfigurationIsVisible = 0;
			defaultConfigurationName = Release;
		};
/* End XCConfigurationList section */
	};
	rootObject = 7F4370932412EBE80096D66A /* Project object */;
}
