// !$*UTF8*$!
{
	archiveVersion = 1;
	classes = {
	};
	objectVersion = 50;
	objects = {

/* Begin PBXBuildFile section */
		7FCA1F4E23E345550043B736 /* main.c in Sources */ = {isa = PBXBuildFile; fileRef = 7FCA1F4D23E345550043B736 /* main.c */; };
		7FCA1F5123E3794A0043B736 /* Person.c in Sources */ = {isa = PBXBuildFile; fileRef = 7FCA1F5023E3794A0043B736 /* Person.c */; };
		7FCA1F5423E379590043B736 /* Pointers.c in Sources */ = {isa = PBXBuildFile; fileRef = 7FCA1F5323E379590043B736 /* Pointers.c */; };
		7FCA1F5723E379660043B736 /* Utilities.c in Sources */ = {isa = PBXBuildFile; fileRef = 7FCA1F5623E379660043B736 /* Utilities.c */; };
		B403938B23CD0DFA0007DB99 /* ANSICBasics01.c in Sources */ = {isa = PBXBuildFile; fileRef = B403938A23CD0DFA0007DB99 /* ANSICBasics01.c */; };
		B403938D23CD0E400007DB99 /* ANSICBasics02.c in Sources */ = {isa = PBXBuildFile; fileRef = B403938C23CD0E400007DB99 /* ANSICBasics02.c */; };
/* End PBXBuildFile section */

/* Begin PBXCopyFilesBuildPhase section */
		B403937D23CCFDFD0007DB99 /* CopyFiles */ = {
			isa = PBXCopyFilesBuildPhase;
			buildActionMask = 2147483647;
			dstPath = /usr/share/man/man1/;
			dstSubfolderSpec = 0;
			files = (
			);
			runOnlyForDeploymentPostprocessing = 1;
		};
/* End PBXCopyFilesBuildPhase section */

/* Begin PBXFileReference section */
		7FCA1F4D23E345550043B736 /* main.c */ = {isa = PBXFileReference; fileEncoding = 4; lastKnownFileType = sourcecode.c.c; path = main.c; sourceTree = "<group>"; };
		7FCA1F4F23E3793A0043B736 /* Person.h */ = {isa = PBXFileReference; lastKnownFileType = sourcecode.c.h; path = Person.h; sourceTree = "<group>"; };
		7FCA1F5023E3794A0043B736 /* Person.c */ = {isa = PBXFileReference; lastKnownFileType = sourcecode.c.c; path = Person.c; sourceTree = "<group>"; };
		7FCA1F5223E379590043B736 /* Pointers.h */ = {isa = PBXFileReference; lastKnownFileType = sourcecode.c.h; path = Pointers.h; sourceTree = "<group>"; };
		7FCA1F5323E379590043B736 /* Pointers.c */ = {isa = PBXFileReference; lastKnownFileType = sourcecode.c.c; path = Pointers.c; sourceTree = "<group>"; };
		7FCA1F5523E379660043B736 /* Utilities.h */ = {isa = PBXFileReference; lastKnownFileType = sourcecode.c.h; path = Utilities.h; sourceTree = "<group>"; };
		7FCA1F5623E379660043B736 /* Utilities.c */ = {isa = PBXFileReference; lastKnownFileType = sourcecode.c.c; path = Utilities.c; sourceTree = "<group>"; };
		B403937F23CCFDFD0007DB99 /* ANSI C Basics */ = {isa = PBXFileReference; explicitFileType = "compiled.mach-o.executable"; includeInIndex = 0; path = "ANSI C Basics"; sourceTree = BUILT_PRODUCTS_DIR; };
		B403938923CD0DA00007DB99 /* ANSICBasics.h */ = {isa = PBXFileReference; lastKnownFileType = sourcecode.c.h; path = ANSICBasics.h; sourceTree = "<group>"; };
		B403938A23CD0DFA0007DB99 /* ANSICBasics01.c */ = {isa = PBXFileReference; lastKnownFileType = sourcecode.c.c; path = ANSICBasics01.c; sourceTree = "<group>"; };
		B403938C23CD0E400007DB99 /* ANSICBasics02.c */ = {isa = PBXFileReference; lastKnownFileType = sourcecode.c.c; path = ANSICBasics02.c; sourceTree = "<group>"; };
/* End PBXFileReference section */

/* Begin PBXFrameworksBuildPhase section */
		B403937C23CCFDFD0007DB99 /* Frameworks */ = {
			isa = PBXFrameworksBuildPhase;
			buildActionMask = 2147483647;
			files = (
			);
			runOnlyForDeploymentPostprocessing = 0;
		};
/* End PBXFrameworksBuildPhase section */

/* Begin PBXGroup section */
		B403937623CCFDFD0007DB99 = {
			isa = PBXGroup;
			children = (
				B403938123CCFDFD0007DB99 /* ANSI C Basics */,
				B403938023CCFDFD0007DB99 /* Products */,
			);
			sourceTree = "<group>";
		};
		B403938023CCFDFD0007DB99 /* Products */ = {
			isa = PBXGroup;
			children = (
				B403937F23CCFDFD0007DB99 /* ANSI C Basics */,
			);
			name = Products;
			sourceTree = "<group>";
		};
		B403938123CCFDFD0007DB99 /* ANSI C Basics */ = {
			isa = PBXGroup;
			children = (
				B403938923CD0DA00007DB99 /* ANSICBasics.h */,
				B403938A23CD0DFA0007DB99 /* ANSICBasics01.c */,
				B403938C23CD0E400007DB99 /* ANSICBasics02.c */,
				7FCA1F4F23E3793A0043B736 /* Person.h */,
				7FCA1F5023E3794A0043B736 /* Person.c */,
				7FCA1F5223E379590043B736 /* Pointers.h */,
				7FCA1F5323E379590043B736 /* Pointers.c */,
				7FCA1F5523E379660043B736 /* Utilities.h */,
				7FCA1F5623E379660043B736 /* Utilities.c */,
				7FCA1F4D23E345550043B736 /* main.c */,
			);
			path = "ANSI C Basics";
			sourceTree = "<group>";
		};
/* End PBXGroup section */

/* Begin PBXNativeTarget section */
		B403937E23CCFDFD0007DB99 /* ANSI C Basics */ = {
			isa = PBXNativeTarget;
			buildConfigurationList = B403938623CCFDFD0007DB99 /* Build configuration list for PBXNativeTarget "ANSI C Basics" */;
			buildPhases = (
				B403937B23CCFDFD0007DB99 /* Sources */,
				B403937C23CCFDFD0007DB99 /* Frameworks */,
				B403937D23CCFDFD0007DB99 /* CopyFiles */,
			);
			buildRules = (
			);
			dependencies = (
			);
			name = "ANSI C Basics";
			productName = "ANSI C Basics";
			productReference = B403937F23CCFDFD0007DB99 /* ANSI C Basics */;
			productType = "com.apple.product-type.tool";
		};
/* End PBXNativeTarget section */

/* Begin PBXProject section */
		B403937723CCFDFD0007DB99 /* Project object */ = {
			isa = PBXProject;
			attributes = {
				LastUpgradeCheck = 1130;
				ORGANIZATIONNAME = "About Objects";
				TargetAttributes = {
					B403937E23CCFDFD0007DB99 = {
						CreatedOnToolsVersion = 11.3;
					};
				};
			};
			buildConfigurationList = B403937A23CCFDFD0007DB99 /* Build configuration list for PBXProject "ANSI C Basics" */;
			compatibilityVersion = "Xcode 9.3";
			developmentRegion = en;
			hasScannedForEncodings = 0;
			knownRegions = (
				en,
				Base,
			);
			mainGroup = B403937623CCFDFD0007DB99;
			productRefGroup = B403938023CCFDFD0007DB99 /* Products */;
			projectDirPath = "";
			projectRoot = "";
			targets = (
				B403937E23CCFDFD0007DB99 /* ANSI C Basics */,
			);
		};
/* End PBXProject section */

/* Begin PBXSourcesBuildPhase section */
		B403937B23CCFDFD0007DB99 /* Sources */ = {
			isa = PBXSourcesBuildPhase;
			buildActionMask = 2147483647;
			files = (
				7FCA1F5723E379660043B736 /* Utilities.c in Sources */,
				7FCA1F5423E379590043B736 /* Pointers.c in Sources */,
				7FCA1F5123E3794A0043B736 /* Person.c in Sources */,
				B403938B23CD0DFA0007DB99 /* ANSICBasics01.c in Sources */,
				7FCA1F4E23E345550043B736 /* main.c in Sources */,
				B403938D23CD0E400007DB99 /* ANSICBasics02.c in Sources */,
			);
			runOnlyForDeploymentPostprocessing = 0;
		};
/* End PBXSourcesBuildPhase section */

/* Begin XCBuildConfiguration section */
		B403938423CCFDFD0007DB99 /* Debug */ = {
			isa = XCBuildConfiguration;
			buildSettings = {
				ALWAYS_SEARCH_USER_PATHS = NO;
				CLANG_ANALYZER_NONNULL = YES;
				CLANG_ANALYZER_NUMBER_OBJECT_CONVERSION = YES_AGGRESSIVE;
				CLANG_CXX_LANGUAGE_STANDARD = "gnu++14";
				CLANG_CXX_LIBRARY = "libc++";
				CLANG_ENABLE_MODULES = YES;
				CLANG_ENABLE_OBJC_ARC = YES;
				CLANG_ENABLE_OBJC_WEAK = YES;
				CLANG_WARN_BLOCK_CAPTURE_AUTORELEASING = YES;
				CLANG_WARN_BOOL_CONVERSION = YES;
				CLANG_WARN_COMMA = YES;
				CLANG_WARN_CONSTANT_CONVERSION = YES;
				CLANG_WARN_DEPRECATED_OBJC_IMPLEMENTATIONS = YES;
				CLANG_WARN_DIRECT_OBJC_ISA_USAGE = YES_ERROR;
				CLANG_WARN_DOCUMENTATION_COMMENTS = YES;
				CLANG_WARN_EMPTY_BODY = YES;
				CLANG_WARN_ENUM_CONVERSION = YES;
				CLANG_WARN_INFINITE_RECURSION = YES;
				CLANG_WARN_INT_CONVERSION = YES;
				CLANG_WARN_NON_LITERAL_NULL_CONVERSION = YES;
				CLANG_WARN_OBJC_IMPLICIT_RETAIN_SELF = YES;
				CLANG_WARN_OBJC_LITERAL_CONVERSION = YES;
				CLANG_WARN_OBJC_ROOT_CLASS = YES_ERROR;
				CLANG_WARN_RANGE_LOOP_ANALYSIS = YES;
				CLANG_WARN_STRICT_PROTOTYPES = YES;
				CLANG_WARN_SUSPICIOUS_MOVE = YES;
				CLANG_WARN_UNGUARDED_AVAILABILITY = YES_AGGRESSIVE;
				CLANG_WARN_UNREACHABLE_CODE = YES;
				CLANG_WARN__DUPLICATE_METHOD_MATCH = YES;
				COPY_PHASE_STRIP = NO;
				DEBUG_INFORMATION_FORMAT = dwarf;
				ENABLE_STRICT_OBJC_MSGSEND = YES;
				ENABLE_TESTABILITY = YES;
				GCC_C_LANGUAGE_STANDARD = gnu11;
				GCC_DYNAMIC_NO_PIC = NO;
				GCC_NO_COMMON_BLOCKS = YES;
				GCC_OPTIMIZATION_LEVEL = 0;
				GCC_PREPROCESSOR_DEFINITIONS = (
					"DEBUG=1",
					"$(inherited)",
				);
				GCC_WARN_64_TO_32_BIT_CONVERSION = YES;
				GCC_WARN_ABOUT_RETURN_TYPE = YES_ERROR;
				GCC_WARN_UNDECLARED_SELECTOR = YES;
				GCC_WARN_UNINITIALIZED_AUTOS = YES_AGGRESSIVE;
				GCC_WARN_UNUSED_FUNCTION = YES;
				GCC_WARN_UNUSED_VARIABLE = YES;
				MACOSX_DEPLOYMENT_TARGET = 10.15;
				MTL_ENABLE_DEBUG_INFO = INCLUDE_SOURCE;
				MTL_FAST_MATH = YES;
				ONLY_ACTIVE_ARCH = YES;
				SDKROOT = macosx;
			};
			name = Debug;
		};
		B403938523CCFDFD0007DB99 /* Release */ = {
			isa = XCBuildConfiguration;
			buildSettings = {
				ALWAYS_SEARCH_USER_PATHS = NO;
				CLANG_ANALYZER_NONNULL = YES;
				CLANG_ANALYZER_NUMBER_OBJECT_CONVERSION = YES_AGGRESSIVE;
				CLANG_CXX_LANGUAGE_STANDARD = "gnu++14";
				CLANG_CXX_LIBRARY = "libc++";
				CLANG_ENABLE_MODULES = YES;
				CLANG_ENABLE_OBJC_ARC = YES;
				CLANG_ENABLE_OBJC_WEAK = YES;
				CLANG_WARN_BLOCK_CAPTURE_AUTORELEASING = YES;
				CLANG_WARN_BOOL_CONVERSION = YES;
				CLANG_WARN_COMMA = YES;
				CLANG_WARN_CONSTANT_CONVERSION = YES;
				CLANG_WARN_DEPRECATED_OBJC_IMPLEMENTATIONS = YES;
				CLANG_WARN_DIRECT_OBJC_ISA_USAGE = YES_ERROR;
				CLANG_WARN_DOCUMENTATION_COMMENTS = YES;
				CLANG_WARN_EMPTY_BODY = YES;
				CLANG_WARN_ENUM_CONVERSION = YES;
				CLANG_WARN_INFINITE_RECURSION = YES;
				CLANG_WARN_INT_CONVERSION = YES;
				CLANG_WARN_NON_LITERAL_NULL_CONVERSION = YES;
				CLANG_WARN_OBJC_IMPLICIT_RETAIN_SELF = YES;
				CLANG_WARN_OBJC_LITERAL_CONVERSION = YES;
				CLANG_WARN_OBJC_ROOT_CLASS = YES_ERROR;
				CLANG_WARN_RANGE_LOOP_ANALYSIS = YES;
				CLANG_WARN_STRICT_PROTOTYPES = YES;
				CLANG_WARN_SUSPICIOUS_MOVE = YES;
				CLANG_WARN_UNGUARDED_AVAILABILITY = YES_AGGRESSIVE;
				CLANG_WARN_UNREACHABLE_CODE = YES;
				CLANG_WARN__DUPLICATE_METHOD_MATCH = YES;
				COPY_PHASE_STRIP = NO;
				DEBUG_INFORMATION_FORMAT = "dwarf-with-dsym";
				ENABLE_NS_ASSERTIONS = NO;
				ENABLE_STRICT_OBJC_MSGSEND = YES;
				GCC_C_LANGUAGE_STANDARD = gnu11;
				GCC_NO_COMMON_BLOCKS = YES;
				GCC_WARN_64_TO_32_BIT_CONVERSION = YES;
				GCC_WARN_ABOUT_RETURN_TYPE = YES_ERROR;
				GCC_WARN_UNDECLARED_SELECTOR = YES;
				GCC_WARN_UNINITIALIZED_AUTOS = YES_AGGRESSIVE;
				GCC_WARN_UNUSED_FUNCTION = YES;
				GCC_WARN_UNUSED_VARIABLE = YES;
				MACOSX_DEPLOYMENT_TARGET = 10.15;
				MTL_ENABLE_DEBUG_INFO = NO;
				MTL_FAST_MATH = YES;
				SDKROOT = macosx;
			};
			name = Release;
		};
		B403938723CCFDFD0007DB99 /* Debug */ = {
			isa = XCBuildConfiguration;
			buildSettings = {
				CODE_SIGN_STYLE = Automatic;
				PRODUCT_NAME = "$(TARGET_NAME)";
			};
			name = Debug;
		};
		B403938823CCFDFD0007DB99 /* Release */ = {
			isa = XCBuildConfiguration;
			buildSettings = {
				CODE_SIGN_STYLE = Automatic;
				PRODUCT_NAME = "$(TARGET_NAME)";
			};
			name = Release;
		};
/* End XCBuildConfiguration section */

/* Begin XCConfigurationList section */
		B403937A23CCFDFD0007DB99 /* Build configuration list for PBXProject "ANSI C Basics" */ = {
			isa = XCConfigurationList;
			buildConfigurations = (
				B403938423CCFDFD0007DB99 /* Debug */,
				B403938523CCFDFD0007DB99 /* Release */,
			);
			defaultConfigurationIsVisible = 0;
			defaultConfigurationName = Release;
		};
		B403938623CCFDFD0007DB99 /* Build configuration list for PBXNativeTarget "ANSI C Basics" */ = {
			isa = XCConfigurationList;
			buildConfigurations = (
				B403938723CCFDFD0007DB99 /* Debug */,
				B403938823CCFDFD0007DB99 /* Release */,
			);
			defaultConfigurationIsVisible = 0;
			defaultConfigurationName = Release;
		};
/* End XCConfigurationList section */
	};
	rootObject = B403937723CCFDFD0007DB99 /* Project object */;
}
